// !$*UTF8*$!
{
	archiveVersion = 1;
	classes = {
	};
	objectVersion = 77;
	objects = {

/* Begin PBXBuildFile section */
		4F5818492F84076100018CE3 /* libtouchHLE_static.a in Frameworks */ = {isa = PBXBuildFile; fileRef = 4F5818482F84076100018CE3 /* libtouchHLE_static.a */; };
		4FE48DA82F8C117700C368B5 /* touchHLE_default_options.txt in Resources */ = {isa = PBXBuildFile; fileRef = 4FE48DA72F8C117700C368B5 /* touchHLE_default_options.txt */; };
		E36F8FBD2DD1B0D000950EF2 /* CoreFoundation.framework in Frameworks */ = {isa = PBXBuildFile; fileRef = E36F8FBA2DD1B0D000950EF2 /* CoreFoundation.framework */; };
		E36F8FBF2DD1B0D000950EF2 /* Foundation.framework in Frameworks */ = {isa = PBXBuildFile; fileRef = E36F8FBC2DD1B0D000950EF2 /* Foundation.framework */; };
		E36F8FC32DD1B0E300950EF2 /* CoreGraphics.framework in Frameworks */ = {isa = PBXBuildFile; fileRef = E36F8FC02DD1B0E300950EF2 /* CoreGraphics.framework */; };
		E36F8FC42DD1B0E300950EF2 /* CoreBluetooth.framework in Frameworks */ = {isa = PBXBuildFile; fileRef = E36F8FC12DD1B0E300950EF2 /* CoreBluetooth.framework */; };
		E36F8FC52DD1B0E300950EF2 /* CoreHaptics.framework in Frameworks */ = {isa = PBXBuildFile; fileRef = E36F8FC22DD1B0E300950EF2 /* CoreHaptics.framework */; };
		E36F8FC72DD1B0EE00950EF2 /* GameController.framework in Frameworks */ = {isa = PBXBuildFile; fileRef = E36F8FC62DD1B0EE00950EF2 /* GameController.framework */; };
		E36F8FC92DD1B0F200950EF2 /* OpenGLES.framework in Frameworks */ = {isa = PBXBuildFile; fileRef = E36F8FC82DD1B0F200950EF2 /* OpenGLES.framework */; };
		E36F8FCB2DD1B10200950EF2 /* AVFAudio.framework in Frameworks */ = {isa = PBXBuildFile; fileRef = E36F8FCA2DD1B10200950EF2 /* AVFAudio.framework */; };
		E36F8FCD2DD1B10700950EF2 /* UIKit.framework in Frameworks */ = {isa = PBXBuildFile; fileRef = E36F8FCC2DD1B10700950EF2 /* UIKit.framework */; };
		E36F8FCF2DD1B11400950EF2 /* AudioToolbox.framework in Frameworks */ = {isa = PBXBuildFile; fileRef = E36F8FCE2DD1B11400950EF2 /* AudioToolbox.framework */; };
		E36F8FD12DD1B13500950EF2 /* Metal.framework in Frameworks */ = {isa = PBXBuildFile; fileRef = E36F8FD02DD1B13500950EF2 /* Metal.framework */; };
		E36F8FD32DD1B13C00950EF2 /* CoreMotion.framework in Frameworks */ = {isa = PBXBuildFile; fileRef = E36F8FD22DD1B13C00950EF2 /* CoreMotion.framework */; };
		E36F8FD52DD1B14F00950EF2 /* QuartzCore.framework in Frameworks */ = {isa = PBXBuildFile; fileRef = E36F8FD42DD1B14F00950EF2 /* QuartzCore.framework */; };
		E36F8FD72DD1B16400950EF2 /* libc++.tbd in Frameworks */ = {isa = PBXBuildFile; fileRef = E36F8FD62DD1B16400950EF2 /* libc++.tbd */; };
		E36F8FD92DD1B17400950EF2 /* libiconv.tbd in Frameworks */ = {isa = PBXBuildFile; fileRef = E36F8FD82DD1B17400950EF2 /* libiconv.tbd */; };
		E36F91AC2DD1BCF600950EF2 /* touchHLE_fonts in Resources */ = {isa = PBXBuildFile; fileRef = E36F91AB2DD1BCF300950EF2 /* touchHLE_fonts */; };
		E3FACE0000000000000020 /* README.md in Resources */ = {isa = PBXBuildFile; fileRef = E3FACE0000000000000010 /* README.md */; };
		E3FACE0000000000000021 /* COPYING.libgcc in Resources */ = {isa = PBXBuildFile; fileRef = E3FACE0000000000000011 /* COPYING.libgcc */; };
		E3FACE0000000000000022 /* COPYING.libsqlite3 in Resources */ = {isa = PBXBuildFile; fileRef = E3FACE0000000000000012 /* COPYING.libsqlite3 */; };
		E3FACE0000000000000023 /* COPYING.libstdcxx in Resources */ = {isa = PBXBuildFile; fileRef = E3FACE0000000000000013 /* COPYING.libstdcxx */; };
		E3FACE0000000000000024 /* COPYING.libxml2 in Resources */ = {isa = PBXBuildFile; fileRef = E3FACE0000000000000014 /* COPYING.libxml2 */; };
		E3FACE0000000000000025 /* COPYING.libz in Resources */ = {isa = PBXBuildFile; fileRef = E3FACE0000000000000015 /* COPYING.libz */; };
/* End PBXBuildFile section */

/* Begin PBXFileReference section */
		4F5818482F84076100018CE3 /* libtouchHLE_static.a */ = {isa = PBXFileReference; explicitFileType = archive.ar; path = libtouchHLE_static.a; sourceTree = BUILT_PRODUCTS_DIR; };
		4FE48DA72F8C117700C368B5 /* touchHLE_default_options.txt */ = {isa = PBXFileReference; lastKnownFileType = text; name = touchHLE_default_options.txt; path = ../touchHLE_default_options.txt; sourceTree = "<absolute>"; };
		E36F8F702DD1AB1500950EF2 /* touchHLE.xcodeproj */ = {isa = PBXFileReference; lastKnownFileType = "wrapper.pb-project"; name = touchHLE.xcodeproj; path = ../touchHLE.xcodeproj; sourceTree = "<absolute>"; };
		E36F8FBA2DD1B0D000950EF2 /* CoreFoundation.framework */ = {isa = PBXFileReference; lastKnownFileType = wrapper.framework; name = CoreFoundation.framework; path = System/Library/Frameworks/CoreFoundation.framework; sourceTree = SDKROOT; };
		E36F8FBB2DD1B0D000950EF2 /* AVFoundation.framework */ = {isa = PBXFileReference; lastKnownFileType = wrapper.framework; name = AVFoundation.framework; path = System/Library/Frameworks/AVFoundation.framework; sourceTree = SDKROOT; };
		E36F8FBC2DD1B0D000950EF2 /* Foundation.framework */ = {isa = PBXFileReference; lastKnownFileType = wrapper.framework; name = Foundation.framework; path = System/Library/Frameworks/Foundation.framework; sourceTree = SDKROOT; };
		E36F8FC02DD1B0E300950EF2 /* CoreGraphics.framework */ = {isa = PBXFileReference; lastKnownFileType = wrapper.framework; name = CoreGraphics.framework; path = System/Library/Frameworks/CoreGraphics.framework; sourceTree = SDKROOT; };
		E36F8FC12DD1B0E300950EF2 /* CoreBluetooth.framework */ = {isa = PBXFileReference; lastKnownFileType = wrapper.framework; name = CoreBluetooth.framework; path = System/Library/Frameworks/CoreBluetooth.framework; sourceTree = SDKROOT; };
		E36F8FC22DD1B0E300950EF2 /* CoreHaptics.framework */ = {isa = PBXFileReference; lastKnownFileType = wrapper.framework; name = CoreHaptics.framework; path = System/Library/Frameworks/CoreHaptics.framework; sourceTree = SDKROOT; };
		E36F8FC62DD1B0EE00950EF2 /* GameController.framework */ = {isa = PBXFileReference; lastKnownFileType = wrapper.framework; name = GameController.framework; path = System/Library/Frameworks/GameController.framework; sourceTree = SDKROOT; };
		E36F8FC82DD1B0F200950EF2 /* OpenGLES.framework */ = {isa = PBXFileReference; lastKnownFileType = wrapper.framework; name = OpenGLES.framework; path = System/Library/Frameworks/OpenGLES.framework; sourceTree = SDKROOT; };
		E36F8FCA2DD1B10200950EF2 /* AVFAudio.framework */ = {isa = PBXFileReference; lastKnownFileType = wrapper.framework; name = AVFAudio.framework; path = System/Library/Frameworks/AVFAudio.framework; sourceTree = SDKROOT; };
		E36F8FCC2DD1B10700950EF2 /* UIKit.framework */ = {isa = PBXFileReference; lastKnownFileType = wrapper.framework; name = UIKit.framework; path = System/Library/Frameworks/UIKit.framework; sourceTree = SDKROOT; };
		E36F8FCE2DD1B11400950EF2 /* AudioToolbox.framework */ = {isa = PBXFileReference; lastKnownFileType = wrapper.framework; name = AudioToolbox.framework; path = System/Library/Frameworks/AudioToolbox.framework; sourceTree = SDKROOT; };
		E36F8FD02DD1B13500950EF2 /* Metal.framework */ = {isa = PBXFileReference; lastKnownFileType = wrapper.framework; name = Metal.framework; path = System/Library/Frameworks/Metal.framework; sourceTree = SDKROOT; };
		E36F8FD22DD1B13C00950EF2 /* CoreMotion.framework */ = {isa = PBXFileReference; lastKnownFileType = wrapper.framework; name = CoreMotion.framework; path = System/Library/Frameworks/CoreMotion.framework; sourceTree = SDKROOT; };
		E36F8FD42DD1B14F00950EF2 /* QuartzCore.framework */ = {isa = PBXFileReference; lastKnownFileType = wrapper.framework; name = QuartzCore.framework; path = System/Library/Frameworks/QuartzCore.framework; sourceTree = SDKROOT; };
		E36F8FD62DD1B16400950EF2 /* libc++.tbd */ = {isa = PBXFileReference; lastKnownFileType = "sourcecode.text-based-dylib-definition"; name = "libc++.tbd"; path = "usr/lib/libc++.tbd"; sourceTree = SDKROOT; };
		E36F8FD82DD1B17400950EF2 /* libiconv.tbd */ = {isa = PBXFileReference; lastKnownFileType = "sourcecode.text-based-dylib-definition"; name = libiconv.tbd; path = usr/lib/libiconv.tbd; sourceTree = SDKROOT; };
		E36F91AB2DD1BCF300950EF2 /* touchHLE_fonts */ = {isa = PBXFileReference; lastKnownFileType = folder; name = touchHLE_fonts; path = ../touchHLE_fonts; sourceTree = SOURCE_ROOT; };
		E3FACE0000000000000010 /* README.md */ = {isa = PBXFileReference; lastKnownFileType = text; path = README.md; sourceTree = "<group>"; };
		E3FACE0000000000000011 /* COPYING.libgcc */ = {isa = PBXFileReference; lastKnownFileType = text; path = COPYING.libgcc; sourceTree = "<group>"; };
		E3FACE0000000000000012 /* COPYING.libsqlite3 */ = {isa = PBXFileReference; lastKnownFileType = text; path = COPYING.libsqlite3; sourceTree = "<group>"; };
		E3FACE0000000000000013 /* COPYING.libstdcxx */ = {isa = PBXFileReference; lastKnownFileType = text; path = COPYING.libstdcxx; sourceTree = "<group>"; };
		E3FACE0000000000000014 /* COPYING.libxml2 */ = {isa = PBXFileReference; lastKnownFileType = text; path = COPYING.libxml2; sourceTree = "<group>"; };
		E3FACE0000000000000015 /* COPYING.libz */ = {isa = PBXFileReference; lastKnownFileType = text; path = COPYING.libz; sourceTree = "<group>"; };
		E3FACE0000000000000016 /* libgcc_s.1.dylib */ = {isa = PBXFileReference; lastKnownFileType = file; path = libgcc_s.1.dylib; sourceTree = "<group>"; };
		E3FACE0000000000000017 /* libsqlite3.dylib */ = {isa = PBXFileReference; lastKnownFileType = file; path = libsqlite3.dylib; sourceTree = "<group>"; };
		E3FACE0000000000000018 /* libstdc++.6.0.9.dylib */ = {isa = PBXFileReference; lastKnownFileType = file; path = "libstdc++.6.0.9.dylib"; sourceTree = "<group>"; };
		E3FACE0000000000000019 /* libxml2.2.dylib */ = {isa = PBXFileReference; lastKnownFileType = file; path = libxml2.2.dylib; sourceTree = "<group>"; };
		E3FACE000000000000001A /* libz.1.2.3.dylib */ = {isa = PBXFileReference; lastKnownFileType = file; path = libz.1.2.3.dylib; sourceTree = "<group>"; };
		E3A46EC32DD1A44100619FED /* iDared 32bit.app */ = {isa = PBXFileReference; explicitFileType = wrapper.application; includeInIndex = 0; path = "iDared 32bit.app"; sourceTree = BUILT_PRODUCTS_DIR; };
		E3A46EDD2DD1A79A00619FED /* SDL.xcodeproj */ = {isa = PBXFileReference; lastKnownFileType = "wrapper.pb-project"; name = SDL.xcodeproj; path = ../vendor/SDL/Xcode/SDL/SDL.xcodeproj; sourceTree = "<absolute>"; };
		E3C0F1600000000000000001 /* Config.xcconfig */ = {isa = PBXFileReference; lastKnownFileType = text.xcconfig; path = Config.xcconfig; sourceTree = SOURCE_ROOT; };
/* End PBXFileReference section */

/* Begin PBXFileSystemSynchronizedBuildFileExceptionSet section */
		E36F904F2DD1B7E900950EF2 /* Exceptions for "touchHLE" folder in "iDared 32bit" target */ = {
			isa = PBXFileSystemSynchronizedBuildFileExceptionSet;
			membershipExceptions = (
				"/Localized: LaunchScreen.storyboard",
			);
			target = E3A46EC22DD1A44100619FED /* iDared 32bit */;
		};
/* End PBXFileSystemSynchronizedBuildFileExceptionSet section */

/* Begin PBXFileSystemSynchronizedRootGroup section */
		E3A46EC52DD1A44100619FED /* touchHLE */ = {
			isa = PBXFileSystemSynchronizedRootGroup;
			exceptions = (
				E36F904F2DD1B7E900950EF2 /* Exceptions for "touchHLE" folder in "iDared 32bit" target */,
			);
			path = touchHLE;
			sourceTree = "<group>";
		};
/* End PBXFileSystemSynchronizedRootGroup section */

/* Begin PBXFrameworksBuildPhase section */
		E3A46EC02DD1A44100619FED /* Frameworks */ = {
			isa = PBXFrameworksBuildPhase;
			buildActionMask = 2147483647;
			files = (
				E36F8FD92DD1B17400950EF2 /* libiconv.tbd in Frameworks */,
				E36F8FD72DD1B16400950EF2 /* libc++.tbd in Frameworks */,
				E36F8FD52DD1B14F00950EF2 /* QuartzCore.framework in Frameworks */,
				E36F8FD32DD1B13C00950EF2 /* CoreMotion.framework in Frameworks */,
				E36F8FD12DD1B13500950EF2 /* Metal.framework in Frameworks */,
				E36F8FCF2DD1B11400950EF2 /* AudioToolbox.framework in Frameworks */,
				E36F8FCD2DD1B10700950EF2 /* UIKit.framework in Frameworks */,
				E36F8FCB2DD1B10200950EF2 /* AVFAudio.framework in Frameworks */,
				E36F8FC72DD1B0EE00950EF2 /* GameController.framework in Frameworks */,
				E36F8FC92DD1B0F200950EF2 /* OpenGLES.framework in Frameworks */,
				E36F8FC32DD1B0E300950EF2 /* CoreGraphics.framework in Frameworks */,
				E36F8FC42DD1B0E300950EF2 /* CoreBluetooth.framework in Frameworks */,
				E36F8FC52DD1B0E300950EF2 /* CoreHaptics.framework in Frameworks */,
				4F5818492F84076100018CE3 /* libtouchHLE_static.a in Frameworks */,
				E36F8FBD2DD1B0D000950EF2 /* CoreFoundation.framework in Frameworks */,
				E36F8FBF2DD1B0D000950EF2 /* Foundation.framework in Frameworks */,
			);
			runOnlyForDeploymentPostprocessing = 0;
		};
/* End PBXFrameworksBuildPhase section */

/* Begin PBXGroup section */
		E36F8F732DD1AB1500950EF2 /* Products */ = {
			isa = PBXGroup;
			children = (
			);
			name = Products;
			sourceTree = "<group>";
		};
		E36F8F7E2DD1AB2100950EF2 /* Frameworks */ = {
			isa = PBXGroup;
			children = (
				4F5818482F84076100018CE3 /* libtouchHLE_static.a */,
				E36F8FD82DD1B17400950EF2 /* libiconv.tbd */,
				E36F8FD62DD1B16400950EF2 /* libc++.tbd */,
				E36F8FD42DD1B14F00950EF2 /* QuartzCore.framework */,
				E36F8FD22DD1B13C00950EF2 /* CoreMotion.framework */,
				E36F8FD02DD1B13500950EF2 /* Metal.framework */,
				E36F8FCE2DD1B11400950EF2 /* AudioToolbox.framework */,
				E36F8FCC2DD1B10700950EF2 /* UIKit.framework */,
				E36F8FCA2DD1B10200950EF2 /* AVFAudio.framework */,
				E36F8FC82DD1B0F200950EF2 /* OpenGLES.framework */,
				E36F8FC62DD1B0EE00950EF2 /* GameController.framework */,
				E36F8FC12DD1B0E300950EF2 /* CoreBluetooth.framework */,
				E36F8FC02DD1B0E300950EF2 /* CoreGraphics.framework */,
				E36F8FC22DD1B0E300950EF2 /* CoreHaptics.framework */,
				E36F8FBB2DD1B0D000950EF2 /* AVFoundation.framework */,
				E36F8FBA2DD1B0D000950EF2 /* CoreFoundation.framework */,
				E36F8FBC2DD1B0D000950EF2 /* Foundation.framework */,
			);
			name = Frameworks;
			sourceTree = "<group>";
		};
		E36F91AD2DD1BCFA00950EF2 /* touchHLE_dylibs */ = {
			isa = PBXGroup;
			children = (
				E3FACE0000000000000010 /* README.md */,
				E3FACE0000000000000011 /* COPYING.libgcc */,
				E3FACE0000000000000012 /* COPYING.libsqlite3 */,
				E3FACE0000000000000013 /* COPYING.libstdcxx */,
				E3FACE0000000000000014 /* COPYING.libxml2 */,
				E3FACE0000000000000015 /* COPYING.libz */,
				E3FACE0000000000000016 /* libgcc_s.1.dylib */,
				E3FACE0000000000000017 /* libsqlite3.dylib */,
				E3FACE0000000000000018 /* libstdc++.6.0.9.dylib */,
				E3FACE0000000000000019 /* libxml2.2.dylib */,
				E3FACE000000000000001A /* libz.1.2.3.dylib */,
			);
			name = touchHLE_dylibs;
			path = ../touchHLE_dylibs;
			sourceTree = "<absolute>";
		};
		E36F91812DD1BCBD00950EF2 /* Assets */ = {
			isa = PBXGroup;
			children = (
				E36F91AD2DD1BCFA00950EF2 /* touchHLE_dylibs */,
				E36F91AB2DD1BCF300950EF2 /* touchHLE_fonts */,
				4FE48DA72F8C117700C368B5 /* touchHLE_default_options.txt */,
			);
			name = Assets;
			sourceTree = "<group>";
		};
		E3A46EBA2DD1A44100619FED = {
			isa = PBXGroup;
			children = (
				E36F91812DD1BCBD00950EF2 /* Assets */,
				E3C0F1600000000000000001 /* Config.xcconfig */,
				E36F8F702DD1AB1500950EF2 /* touchHLE.xcodeproj */,
				E3A46EDD2DD1A79A00619FED /* SDL.xcodeproj */,
				E3A46EC52DD1A44100619FED /* touchHLE */,
				E36F8F7E2DD1AB2100950EF2 /* Frameworks */,
				E3A46EC42DD1A44100619FED /* Products */,
			);
			sourceTree = "<group>";
		};
		E3A46EC42DD1A44100619FED /* Products */ = {
			isa = PBXGroup;
			children = (
				E3A46EC32DD1A44100619FED /* iDared 32bit.app */,
			);
			name = Products;
			sourceTree = "<group>";
		};
		E3A46EE02DD1A79A00619FED /* Products */ = {
			isa = PBXGroup;
			children = (
			);
			name = Products;
			sourceTree = "<group>";
		};
/* End PBXGroup section */

/* Begin PBXNativeTarget section */
		E3A46EC22DD1A44100619FED /* iDared 32bit */ = {
			isa = PBXNativeTarget;
			buildConfigurationList = E3A46EDA2DD1A44300619FED /* Build configuration list for PBXNativeTarget "iDared 32bit" */;
			buildPhases = (
				E3A46EBF2DD1A44100619FED /* Sources */,
				E3A46EC02DD1A44100619FED /* Frameworks */,
				E3A46EC12DD1A44100619FED /* Resources */,
			);
			buildRules = (
			);
			dependencies = (
			);
			fileSystemSynchronizedGroups = (
				E3A46EC52DD1A44100619FED /* touchHLE */,
			);
			name = "iDared 32bit";
			packageProductDependencies = (
			);
			productName = "iDared 32bit";
			productReference = E3A46EC32DD1A44100619FED /* iDared 32bit.app */;
			productType = "com.apple.product-type.application";
		};
/* End PBXNativeTarget section */

/* Begin PBXProject section */
		E3A46EBB2DD1A44100619FED /* Project object */ = {
			isa = PBXProject;
			attributes = {
				BuildIndependentTargetsInParallel = 1;
				LastUpgradeCheck = 2640;
				TargetAttributes = {
					E3A46EC22DD1A44100619FED = {
						CreatedOnToolsVersion = 16.3;
					};
				};
			};
			buildConfigurationList = E3A46EBE2DD1A44100619FED /* Build configuration list for PBXProject "touchHLE" */;
			developmentRegion = en;
			hasScannedForEncodings = 0;
			knownRegions = (
				en,
				Base,
			);
			mainGroup = E3A46EBA2DD1A44100619FED;
			minimizedProjectReferenceProxies = 1;
			preferredProjectObjectVersion = 77;
			productRefGroup = E3A46EC42DD1A44100619FED /* Products */;
			projectDirPath = "";
			projectReferences = (
				{
					ProductGroup = E3A46EE02DD1A79A00619FED /* Products */;
					ProjectRef = E3A46EDD2DD1A79A00619FED /* SDL.xcodeproj */;
				},
				{
					ProductGroup = E36F8F732DD1AB1500950EF2 /* Products */;
					ProjectRef = E36F8F702DD1AB1500950EF2 /* touchHLE.xcodeproj */;
				},
			);
			projectRoot = "";
			targets = (
				E3A46EC22DD1A44100619FED /* iDared 32bit */,
			);
		};
/* End PBXProject section */

/* Begin PBXResourcesBuildPhase section */
		E3A46EC12DD1A44100619FED /* Resources */ = {
			isa = PBXResourcesBuildPhase;
			buildActionMask = 2147483647;
			files = (
				E36F91AC2DD1BCF600950EF2 /* touchHLE_fonts in Resources */,
				E3FACE0000000000000020 /* README.md in Resources */,
				E3FACE0000000000000021 /* COPYING.libgcc in Resources */,
				E3FACE0000000000000022 /* COPYING.libsqlite3 in Resources */,
				E3FACE0000000000000023 /* COPYING.libstdcxx in Resources */,
				E3FACE0000000000000024 /* COPYING.libxml2 in Resources */,
				E3FACE0000000000000025 /* COPYING.libz in Resources */,
				4FE48DA82F8C117700C368B5 /* touchHLE_default_options.txt in Resources */,
			);
			runOnlyForDeploymentPostprocessing = 0;
		};
/* End PBXResourcesBuildPhase section */

/* Begin PBXSourcesBuildPhase section */
		E3A46EBF2DD1A44100619FED /* Sources */ = {
			isa = PBXSourcesBuildPhase;
			buildActionMask = 2147483647;
			files = (
			);
			runOnlyForDeploymentPostprocessing = 0;
		};
/* End PBXSourcesBuildPhase section */

/* Begin XCBuildConfiguration section */
		E3A46ED82DD1A44300619FED /* Debug */ = {
			isa = XCBuildConfiguration;
			baseConfigurationReference = E3C0F1600000000000000001 /* Config.xcconfig */;
			buildSettings = {
				ALWAYS_SEARCH_USER_PATHS = NO;
				ASSETCATALOG_COMPILER_GENERATE_SWIFT_ASSET_SYMBOL_EXTENSIONS = YES;
				CLANG_ANALYZER_NONNULL = YES;
				CLANG_ANALYZER_NUMBER_OBJECT_CONVERSION = YES_AGGRESSIVE;
				CLANG_CXX_LANGUAGE_STANDARD = "gnu++20";
				CLANG_ENABLE_MODULES = YES;
				CLANG_ENABLE_OBJC_ARC = YES;
				CLANG_ENABLE_OBJC_WEAK = YES;
				CLANG_WARN_BLOCK_CAPTURE_AUTORELEASING = YES;
				CLANG_WARN_BOOL_CONVERSION = YES;
				CLANG_WARN_COMMA = YES;
				CLANG_WARN_CONSTANT_CONVERSION = YES;
				CLANG_WARN_DEPRECATED_OBJC_IMPLEMENTATIONS = YES;
				CLANG_WARN_DIRECT_OBJC_ISA_USAGE = YES_ERROR;
				CLANG_WARN_DOCUMENTATION_COMMENTS = YES;
				CLANG_WARN_EMPTY_BODY = YES;
				CLANG_WARN_ENUM_CONVERSION = YES;
				CLANG_WARN_INFINITE_RECURSION = YES;
				CLANG_WARN_INT_CONVERSION = YES;
				CLANG_WARN_NON_LITERAL_NULL_CONVERSION = YES;
				CLANG_WARN_OBJC_IMPLICIT_RETAIN_SELF = YES;
				CLANG_WARN_OBJC_LITERAL_CONVERSION = YES;
				CLANG_WARN_OBJC_ROOT_CLASS = YES_ERROR;
				CLANG_WARN_QUOTED_INCLUDE_IN_FRAMEWORK_HEADER = YES;
				CLANG_WARN_RANGE_LOOP_ANALYSIS = YES;
				CLANG_WARN_STRICT_PROTOTYPES = YES;
				CLANG_WARN_SUSPICIOUS_MOVE = YES;
				CLANG_WARN_UNGUARDED_AVAILABILITY = YES_AGGRESSIVE;
				CLANG_WARN_UNREACHABLE_CODE = YES;
				CLANG_WARN__DUPLICATE_METHOD_MATCH = YES;
				COPY_PHASE_STRIP = NO;
				DEBUG_INFORMATION_FORMAT = dwarf;
				ENABLE_STRICT_OBJC_MSGSEND = YES;
				ENABLE_TESTABILITY = YES;
				ENABLE_USER_SCRIPT_SANDBOXING = YES;
				GCC_C_LANGUAGE_STANDARD = gnu17;
				GCC_DYNAMIC_NO_PIC = NO;
				GCC_NO_COMMON_BLOCKS = YES;
				GCC_OPTIMIZATION_LEVEL = 0;
				GCC_PREPROCESSOR_DEFINITIONS = (
					"DEBUG=1",
					"$(inherited)",
				);
				GCC_WARN_64_TO_32_BIT_CONVERSION = YES;
				GCC_WARN_ABOUT_RETURN_TYPE = YES_ERROR;
				GCC_WARN_UNDECLARED_SELECTOR = YES;
				GCC_WARN_UNINITIALIZED_AUTOS = YES_AGGRESSIVE;
				GCC_WARN_UNUSED_FUNCTION = YES;
				GCC_WARN_UNUSED_VARIABLE = YES;
				HEADER_SEARCH_PATHS = /opt/homebrew/opt/boost;
				IPHONEOS_DEPLOYMENT_TARGET = 17.0;
				LOCALIZATION_PREFERS_STRING_CATALOGS = YES;
				MTL_ENABLE_DEBUG_INFO = INCLUDE_SOURCE;
				MTL_FAST_MATH = YES;
				ONLY_ACTIVE_ARCH = YES;
				SDKROOT = iphoneos;
				STRING_CATALOG_GENERATE_SYMBOLS = YES;
			};
			name = Debug;
		};
		E3FACE0000000000000001 /* Debug-Simulator */ = {
			isa = XCBuildConfiguration;
			baseConfigurationReference = E3C0F1600000000000000001 /* Config.xcconfig */;
			buildSettings = {
				ALWAYS_SEARCH_USER_PATHS = NO;
				ASSETCATALOG_COMPILER_GENERATE_SWIFT_ASSET_SYMBOL_EXTENSIONS = YES;
				CLANG_ANALYZER_NONNULL = YES;
				CLANG_ANALYZER_NUMBER_OBJECT_CONVERSION = YES_AGGRESSIVE;
				CLANG_CXX_LANGUAGE_STANDARD = "gnu++20";
				CLANG_ENABLE_MODULES = YES;
				CLANG_ENABLE_OBJC_ARC = YES;
				CLANG_ENABLE_OBJC_WEAK = YES;
				CLANG_WARN_BLOCK_CAPTURE_AUTORELEASING = YES;
				CLANG_WARN_BOOL_CONVERSION = YES;
				CLANG_WARN_COMMA = YES;
				CLANG_WARN_CONSTANT_CONVERSION = YES;
				CLANG_WARN_DEPRECATED_OBJC_IMPLEMENTATIONS = YES;
				CLANG_WARN_DIRECT_OBJC_ISA_USAGE = YES_ERROR;
				CLANG_WARN_DOCUMENTATION_COMMENTS = YES;
				CLANG_WARN_EMPTY_BODY = YES;
				CLANG_WARN_ENUM_CONVERSION = YES;
				CLANG_WARN_INFINITE_RECURSION = YES;
				CLANG_WARN_INT_CONVERSION = YES;
				CLANG_WARN_NON_LITERAL_NULL_CONVERSION = YES;
				CLANG_WARN_OBJC_IMPLICIT_RETAIN_SELF = YES;
				CLANG_WARN_OBJC_LITERAL_CONVERSION = YES;
				CLANG_WARN_OBJC_ROOT_CLASS = YES_ERROR;
				CLANG_WARN_QUOTED_INCLUDE_IN_FRAMEWORK_HEADER = YES;
				CLANG_WARN_RANGE_LOOP_ANALYSIS = YES;
				CLANG_WARN_STRICT_PROTOTYPES = YES;
				CLANG_WARN_SUSPICIOUS_MOVE = YES;
				CLANG_WARN_UNGUARDED_AVAILABILITY = YES_AGGRESSIVE;
				CLANG_WARN_UNREACHABLE_CODE = YES;
				CLANG_WARN__DUPLICATE_METHOD_MATCH = YES;
				COPY_PHASE_STRIP = NO;
				DEBUG_INFORMATION_FORMAT = dwarf;
				ENABLE_STRICT_OBJC_MSGSEND = YES;
				ENABLE_TESTABILITY = YES;
				ENABLE_USER_SCRIPT_SANDBOXING = YES;
				GCC_C_LANGUAGE_STANDARD = gnu17;
				GCC_DYNAMIC_NO_PIC = NO;
				GCC_NO_COMMON_BLOCKS = YES;
				GCC_OPTIMIZATION_LEVEL = 0;
				GCC_PREPROCESSOR_DEFINITIONS = (
					"DEBUG=1",
					"$(inherited)",
				);
				GCC_WARN_64_TO_32_BIT_CONVERSION = YES;
				GCC_WARN_ABOUT_RETURN_TYPE = YES_ERROR;
				GCC_WARN_UNDECLARED_SELECTOR = YES;
				GCC_WARN_UNINITIALIZED_AUTOS = YES_AGGRESSIVE;
				GCC_WARN_UNUSED_FUNCTION = YES;
				GCC_WARN_UNUSED_VARIABLE = YES;
				HEADER_SEARCH_PATHS = /opt/homebrew/opt/boost;
				IPHONEOS_DEPLOYMENT_TARGET = 17.0;
				LOCALIZATION_PREFERS_STRING_CATALOGS = YES;
				MTL_ENABLE_DEBUG_INFO = INCLUDE_SOURCE;
				MTL_FAST_MATH = YES;
				ONLY_ACTIVE_ARCH = YES;
				SDKROOT = iphoneos;
				STRING_CATALOG_GENERATE_SYMBOLS = YES;
			};
			name = "Debug-Simulator";
		};
		E3A46ED92DD1A44300619FED /* Release */ = {
			isa = XCBuildConfiguration;
			baseConfigurationReference = E3C0F1600000000000000001 /* Config.xcconfig */;
			buildSettings = {
				ALWAYS_SEARCH_USER_PATHS = NO;
				ASSETCATALOG_COMPILER_GENERATE_SWIFT_ASSET_SYMBOL_EXTENSIONS = YES;
				CLANG_ANALYZER_NONNULL = YES;
				CLANG_ANALYZER_NUMBER_OBJECT_CONVERSION = YES_AGGRESSIVE;
				CLANG_CXX_LANGUAGE_STANDARD = "gnu++20";
				CLANG_ENABLE_MODULES = YES;
				CLANG_ENABLE_OBJC_ARC = YES;
				CLANG_ENABLE_OBJC_WEAK = YES;
				CLANG_WARN_BLOCK_CAPTURE_AUTORELEASING = YES;
				CLANG_WARN_BOOL_CONVERSION = YES;
				CLANG_WARN_COMMA = YES;
				CLANG_WARN_CONSTANT_CONVERSION = YES;
				CLANG_WARN_DEPRECATED_OBJC_IMPLEMENTATIONS = YES;
				CLANG_WARN_DIRECT_OBJC_ISA_USAGE = YES_ERROR;
				CLANG_WARN_DOCUMENTATION_COMMENTS = YES;
				CLANG_WARN_EMPTY_BODY = YES;
				CLANG_WARN_ENUM_CONVERSION = YES;
				CLANG_WARN_INFINITE_RECURSION = YES;
				CLANG_WARN_INT_CONVERSION = YES;
				CLANG_WARN_NON_LITERAL_NULL_CONVERSION = YES;
				CLANG_WARN_OBJC_IMPLICIT_RETAIN_SELF = YES;
				CLANG_WARN_OBJC_LITERAL_CONVERSION = YES;
				CLANG_WARN_OBJC_ROOT_CLASS = YES_ERROR;
				CLANG_WARN_QUOTED_INCLUDE_IN_FRAMEWORK_HEADER = YES;
				CLANG_WARN_RANGE_LOOP_ANALYSIS = YES;
				CLANG_WARN_STRICT_PROTOTYPES = YES;
				CLANG_WARN_SUSPICIOUS_MOVE = YES;
				CLANG_WARN_UNGUARDED_AVAILABILITY = YES_AGGRESSIVE;
				CLANG_WARN_UNREACHABLE_CODE = YES;
				CLANG_WARN__DUPLICATE_METHOD_MATCH = YES;
				COPY_PHASE_STRIP = NO;
				DEBUG_INFORMATION_FORMAT = "dwarf-with-dsym";
				ENABLE_NS_ASSERTIONS = NO;
				ENABLE_STRICT_OBJC_MSGSEND = YES;
				ENABLE_USER_SCRIPT_SANDBOXING = YES;
				GCC_C_LANGUAGE_STANDARD = gnu17;
				GCC_NO_COMMON_BLOCKS = YES;
				GCC_WARN_64_TO_32_BIT_CONVERSION = YES;
				GCC_WARN_ABOUT_RETURN_TYPE = YES_ERROR;
				GCC_WARN_UNDECLARED_SELECTOR = YES;
				GCC_WARN_UNINITIALIZED_AUTOS = YES_AGGRESSIVE;
				GCC_WARN_UNUSED_FUNCTION = YES;
				GCC_WARN_UNUSED_VARIABLE = YES;
				HEADER_SEARCH_PATHS = /opt/homebrew/opt/boost;
				IPHONEOS_DEPLOYMENT_TARGET = 17.0;
				LOCALIZATION_PREFERS_STRING_CATALOGS = YES;
				MTL_ENABLE_DEBUG_INFO = NO;
				MTL_FAST_MATH = YES;
				ONLY_ACTIVE_ARCH = YES;
				SDKROOT = iphoneos;
				STRING_CATALOG_GENERATE_SYMBOLS = YES;
				VALIDATE_PRODUCT = YES;
			};
			name = Release;
		};
		E3A46EDB2DD1A44300619FED /* Debug */ = {
			isa = XCBuildConfiguration;
			buildSettings = {
				ASSETCATALOG_COMPILER_APPICON_NAME = AppIcon;
				ASSETCATALOG_COMPILER_GLOBAL_ACCENT_COLOR_NAME = AccentColor;
				ASSETCATALOG_COMPILER_INCLUDE_ALL_APPICON_ASSETS = YES;
				CODE_SIGN_ENTITLEMENTS = touchHLE/touchHLE.entitlements;
				CODE_SIGN_STYLE = Automatic;
				CURRENT_PROJECT_VERSION = 1;
				GENERATE_INFOPLIST_FILE = YES;
				HEADER_SEARCH_PATHS = (
					/opt/homebrew/opt/boost,
					../vendor/SDL/include,
				);
				INFOPLIST_FILE = Info.plist;
				INFOPLIST_KEY_CFBundleDisplayName = "iDared 32bit";
				INFOPLIST_KEY_ITSAppUsesNonExemptEncryption = NO;
				INFOPLIST_KEY_LSApplicationCategoryType = "public.app-category.games";
				INFOPLIST_KEY_LSSupportsOpeningDocumentsInPlace = YES;
				INFOPLIST_KEY_UIApplicationSupportsIndirectInputEvents = YES;
				INFOPLIST_KEY_UILaunchStoryboardName = LaunchScreen;
				INFOPLIST_KEY_UIStatusBarHidden = YES;
				INFOPLIST_KEY_UISupportedInterfaceOrientations_iPad = "UIInterfaceOrientationPortrait UIInterfaceOrientationPortraitUpsideDown UIInterfaceOrientationLandscapeLeft UIInterfaceOrientationLandscapeRight";
				INFOPLIST_KEY_UISupportedInterfaceOrientations_iPhone = "UIInterfaceOrientationPortrait UIInterfaceOrientationLandscapeLeft UIInterfaceOrientationLandscapeRight";
				LD_RUNPATH_SEARCH_PATHS = (
					"$(inherited)",
					"@executable_path/Frameworks",
				);
				LIBRARY_SEARCH_PATHS = "$(inherited)";
				MARKETING_VERSION = 1.0;
				PRODUCT_BUNDLE_IDENTIFIER = org.alexmartin.idared32bit;
				PRODUCT_NAME = "$(TARGET_NAME)";
				SWIFT_EMIT_LOC_STRINGS = YES;
				TARGETED_DEVICE_FAMILY = 1;
			};
			name = Debug;
		};
		E3FACE0000000000000002 /* Debug-Simulator */ = {
			isa = XCBuildConfiguration;
			buildSettings = {
				ASSETCATALOG_COMPILER_APPICON_NAME = AppIcon;
				ASSETCATALOG_COMPILER_GLOBAL_ACCENT_COLOR_NAME = AccentColor;
				ASSETCATALOG_COMPILER_INCLUDE_ALL_APPICON_ASSETS = YES;
				CODE_SIGN_ENTITLEMENTS = touchHLE/touchHLE.entitlements;
				CODE_SIGN_STYLE = Automatic;
				CURRENT_PROJECT_VERSION = 1;
				GENERATE_INFOPLIST_FILE = YES;
				HEADER_SEARCH_PATHS = (
					/opt/homebrew/opt/boost,
					../vendor/SDL/include,
				);
				INFOPLIST_FILE = Info.plist;
				INFOPLIST_KEY_CFBundleDisplayName = "iDared 32bit";
				INFOPLIST_KEY_ITSAppUsesNonExemptEncryption = NO;
				INFOPLIST_KEY_LSApplicationCategoryType = "public.app-category.games";
				INFOPLIST_KEY_LSSupportsOpeningDocumentsInPlace = YES;
				INFOPLIST_KEY_UIApplicationSupportsIndirectInputEvents = YES;
				INFOPLIST_KEY_UILaunchStoryboardName = LaunchScreen;
				INFOPLIST_KEY_UIStatusBarHidden = YES;
				INFOPLIST_KEY_UISupportedInterfaceOrientations_iPad = "UIInterfaceOrientationPortrait UIInterfaceOrientationPortraitUpsideDown UIInterfaceOrientationLandscapeLeft UIInterfaceOrientationLandscapeRight";
				INFOPLIST_KEY_UISupportedInterfaceOrientations_iPhone = "UIInterfaceOrientationPortrait UIInterfaceOrientationLandscapeLeft UIInterfaceOrientationLandscapeRight";
				LD_RUNPATH_SEARCH_PATHS = (
					"$(inherited)",
					"@executable_path/Frameworks",
				);
				LIBRARY_SEARCH_PATHS = "$(inherited)";
				MARKETING_VERSION = 1.0;
				PRODUCT_BUNDLE_IDENTIFIER = org.alexmartin.idared32bit;
				PRODUCT_NAME = "$(TARGET_NAME)";
				SWIFT_EMIT_LOC_STRINGS = YES;
				TARGETED_DEVICE_FAMILY = 1;
			};
			name = "Debug-Simulator";
		};
		E3A46EDC2DD1A44300619FED /* Release */ = {
			isa = XCBuildConfiguration;
			buildSettings = {
				ASSETCATALOG_COMPILER_APPICON_NAME = AppIcon;
				ASSETCATALOG_COMPILER_GLOBAL_ACCENT_COLOR_NAME = AccentColor;
				ASSETCATALOG_COMPILER_INCLUDE_ALL_APPICON_ASSETS = YES;
				CODE_SIGN_ENTITLEMENTS = touchHLE/touchHLE.entitlements;
				CODE_SIGN_STYLE = Automatic;
				CURRENT_PROJECT_VERSION = 1;
				GENERATE_INFOPLIST_FILE = YES;
				HEADER_SEARCH_PATHS = (
					/opt/homebrew/opt/boost,
					../vendor/SDL/include,
				);
				INFOPLIST_FILE = Info.plist;
				INFOPLIST_KEY_CFBundleDisplayName = "iDared 32bit";
				INFOPLIST_KEY_ITSAppUsesNonExemptEncryption = NO;
				INFOPLIST_KEY_LSApplicationCategoryType = "public.app-category.games";
				INFOPLIST_KEY_LSSupportsOpeningDocumentsInPlace = YES;
				INFOPLIST_KEY_UIApplicationSupportsIndirectInputEvents = YES;
				INFOPLIST_KEY_UILaunchStoryboardName = LaunchScreen;
				INFOPLIST_KEY_UIStatusBarHidden = YES;
				INFOPLIST_KEY_UISupportedInterfaceOrientations_iPad = "UIInterfaceOrientationPortrait UIInterfaceOrientationPortraitUpsideDown UIInterfaceOrientationLandscapeLeft UIInterfaceOrientationLandscapeRight";
				INFOPLIST_KEY_UISupportedInterfaceOrientations_iPhone = "UIInterfaceOrientationPortrait UIInterfaceOrientationLandscapeLeft UIInterfaceOrientationLandscapeRight";
				LD_RUNPATH_SEARCH_PATHS = (
					"$(inherited)",
					"@executable_path/Frameworks",
				);
				LIBRARY_SEARCH_PATHS = "$(inherited)";
				MARKETING_VERSION = 1.0;
				PRODUCT_BUNDLE_IDENTIFIER = org.alexmartin.idared32bit;
				PRODUCT_NAME = "$(TARGET_NAME)";
				SWIFT_EMIT_LOC_STRINGS = YES;
				TARGETED_DEVICE_FAMILY = 1;
			};
			name = Release;
		};
/* End XCBuildConfiguration section */

/* Begin XCConfigurationList section */
		E3A46EBE2DD1A44100619FED /* Build configuration list for PBXProject "touchHLE" */ = {
			isa = XCConfigurationList;
			buildConfigurations = (
				E3A46ED82DD1A44300619FED /* Debug */,
				E3A46ED92DD1A44300619FED /* Release */,
				E3FACE0000000000000001 /* Debug-Simulator */,
			);
			defaultConfigurationIsVisible = 0;
			defaultConfigurationName = Release;
		};
		E3A46EDA2DD1A44300619FED /* Build configuration list for PBXNativeTarget "iDared 32bit" */ = {
			isa = XCConfigurationList;
			buildConfigurations = (
				E3A46EDB2DD1A44300619FED /* Debug */,
				E3A46EDC2DD1A44300619FED /* Release */,
				E3FACE0000000000000002 /* Debug-Simulator */,
			);
			defaultConfigurationIsVisible = 0;
			defaultConfigurationName = Release;
		};
/* End XCConfigurationList section */
	};
	rootObject = E3A46EBB2DD1A44100619FED /* Project object */;
}
